// !$*UTF8*$!
{
	archiveVersion = 1;
	classes = {
	};
	objectVersion = 46;
	objects = {

/* Begin PBXBuildFile section */
		187572A5169D22FF0010BA14 /* UIKit.framework in Frameworks */ = {isa = PBXBuildFile; fileRef = 187572A4169D22FF0010BA14 /* UIKit.framework */; };
		187572A7169D22FF0010BA14 /* Foundation.framework in Frameworks */ = {isa = PBXBuildFile; fileRef = 187572A6169D22FF0010BA14 /* Foundation.framework */; };
		187572A9169D22FF0010BA14 /* CoreGraphics.framework in Frameworks */ = {isa = PBXBuildFile; fileRef = 187572A8169D22FF0010BA14 /* CoreGraphics.framework */; };
		187572AF169D22FF0010BA14 /* InfoPlist.strings in Resources */ = {isa = PBXBuildFile; fileRef = 187572AD169D22FF0010BA14 /* InfoPlist.strings */; };
		187572B1169D22FF0010BA14 /* main.m in Sources */ = {isa = PBXBuildFile; fileRef = 187572B0169D22FF0010BA14 /* main.m */; };
		187572B5169D22FF0010BA14 /* SCZAppDelegate.m in Sources */ = {isa = PBXBuildFile; fileRef = 187572B4169D22FF0010BA14 /* SCZAppDelegate.m */; };
		187572B7169D22FF0010BA14 /* Default.png in Resources */ = {isa = PBXBuildFile; fileRef = 187572B6169D22FF0010BA14 /* Default.png */; };
		187572B9169D22FF0010BA14 /* Default@2x.png in Resources */ = {isa = PBXBuildFile; fileRef = 187572B8169D22FF0010BA14 /* Default@2x.png */; };
		187572BB169D22FF0010BA14 /* Default-568h@2x.png in Resources */ = {isa = PBXBuildFile; fileRef = 187572BA169D22FF0010BA14 /* Default-568h@2x.png */; };
		187572CB169D231C0010BA14 /* README.md in Resources */ = {isa = PBXBuildFile; fileRef = 187572CA169D231C0010BA14 /* README.md */; };
		187572CE169D23520010BA14 /* SCZScrubGestureRecognizer.m in Sources */ = {isa = PBXBuildFile; fileRef = 187572CD169D23520010BA14 /* SCZScrubGestureRecognizer.m */; };
		187572D1169D237B0010BA14 /* SCZViewController.m in Sources */ = {isa = PBXBuildFile; fileRef = 187572D0169D237B0010BA14 /* SCZViewController.m */; };
		187572D3169D238E0010BA14 /* SCZViewController.xib in Resources */ = {isa = PBXBuildFile; fileRef = 187572D2169D238E0010BA14 /* SCZViewController.xib */; };
		187572F5169D23CB0010BA14 /* pov-1.png in Resources */ = {isa = PBXBuildFile; fileRef = 187572D5169D23CB0010BA14 /* pov-1.png */; };
		187572F6169D23CB0010BA14 /* pov-10.png in Resources */ = {isa = PBXBuildFile; fileRef = 187572D6169D23CB0010BA14 /* pov-10.png */; };
		187572F7169D23CB0010BA14 /* pov-11.png in Resources */ = {isa = PBXBuildFile; fileRef = 187572D7169D23CB0010BA14 /* pov-11.png */; };
		187572F8169D23CB0010BA14 /* pov-12.png in Resources */ = {isa = PBXBuildFile; fileRef = 187572D8169D23CB0010BA14 /* pov-12.png */; };
		187572F9169D23CB0010BA14 /* pov-13.png in Resources */ = {isa = PBXBuildFile; fileRef = 187572D9169D23CB0010BA14 /* pov-13.png */; };
		187572FA169D23CB0010BA14 /* pov-14.png in Resources */ = {isa = PBXBuildFile; fileRef = 187572DA169D23CB0010BA14 /* pov-14.png */; };
		187572FB169D23CB0010BA14 /* pov-15.png in Resources */ = {isa = PBXBuildFile; fileRef = 187572DB169D23CB0010BA14 /* pov-15.png */; };
		187572FC169D23CB0010BA14 /* pov-16.png in Resources */ = {isa = PBXBuildFile; fileRef = 187572DC169D23CB0010BA14 /* pov-16.png */; };
		187572FD169D23CB0010BA14 /* pov-17.png in Resources */ = {isa = PBXBuildFile; fileRef = 187572DD169D23CB0010BA14 /* pov-17.png */; };
		187572FE169D23CB0010BA14 /* pov-18.png in Resources */ = {isa = PBXBuildFile; fileRef = 187572DE169D23CB0010BA14 /* pov-18.png */; };
		187572FF169D23CB0010BA14 /* pov-19.png in Resources */ = {isa = PBXBuildFile; fileRef = 187572DF169D23CB0010BA14 /* pov-19.png */; };
		18757300169D23CB0010BA14 /* pov-2.png in Resources */ = {isa = PBXBuildFile; fileRef = 187572E0169D23CB0010BA14 /* pov-2.png */; };
		18757301169D23CB0010BA14 /* pov-20.png in Resources */ = {isa = PBXBuildFile; fileRef = 187572E1169D23CB0010BA14 /* pov-20.png */; };
		18757302169D23CB0010BA14 /* pov-21.png in Resources */ = {isa = PBXBuildFile; fileRef = 187572E2169D23CB0010BA14 /* pov-21.png */; };
		18757303169D23CB0010BA14 /* pov-22.png in Resources */ = {isa = PBXBuildFile; fileRef = 187572E3169D23CB0010BA14 /* pov-22.png */; };
		18757304169D23CB0010BA14 /* pov-23.png in Resources */ = {isa = PBXBuildFile; fileRef = 187572E4169D23CB0010BA14 /* pov-23.png */; };
		18757305169D23CB0010BA14 /* pov-24.png in Resources */ = {isa = PBXBuildFile; fileRef = 187572E5169D23CB0010BA14 /* pov-24.png */; };
		18757306169D23CB0010BA14 /* pov-25.png in Resources */ = {isa = PBXBuildFile; fileRef = 187572E6169D23CB0010BA14 /* pov-25.png */; };
		18757307169D23CB0010BA14 /* pov-26.png in Resources */ = {isa = PBXBuildFile; fileRef = 187572E7169D23CB0010BA14 /* pov-26.png */; };
		18757308169D23CB0010BA14 /* pov-27.png in Resources */ = {isa = PBXBuildFile; fileRef = 187572E8169D23CB0010BA14 /* pov-27.png */; };
		18757309169D23CB0010BA14 /* pov-28.png in Resources */ = {isa = PBXBuildFile; fileRef = 187572E9169D23CB0010BA14 /* pov-28.png */; };
		1875730A169D23CB0010BA14 /* pov-29.png in Resources */ = {isa = PBXBuildFile; fileRef = 187572EA169D23CB0010BA14 /* pov-29.png */; };
		1875730B169D23CB0010BA14 /* pov-3.png in Resources */ = {isa = PBXBuildFile; fileRef = 187572EB169D23CB0010BA14 /* pov-3.png */; };
		1875730C169D23CB0010BA14 /* pov-30.png in Resources */ = {isa = PBXBuildFile; fileRef = 187572EC169D23CB0010BA14 /* pov-30.png */; };
		1875730D169D23CB0010BA14 /* pov-31.png in Resources */ = {isa = PBXBuildFile; fileRef = 187572ED169D23CB0010BA14 /* pov-31.png */; };
		1875730E169D23CB0010BA14 /* pov-32.png in Resources */ = {isa = PBXBuildFile; fileRef = 187572EE169D23CB0010BA14 /* pov-32.png */; };
		1875730F169D23CB0010BA14 /* pov-4.png in Resources */ = {isa = PBXBuildFile; fileRef = 187572EF169D23CB0010BA14 /* pov-4.png */; };
		18757310169D23CB0010BA14 /* pov-5.png in Resources */ = {isa = PBXBuildFile; fileRef = 187572F0169D23CB0010BA14 /* pov-5.png */; };
		18757311169D23CB0010BA14 /* pov-6.png in Resources */ = {isa = PBXBuildFile; fileRef = 187572F1169D23CB0010BA14 /* pov-6.png */; };
		18757312169D23CB0010BA14 /* pov-7.png in Resources */ = {isa = PBXBuildFile; fileRef = 187572F2169D23CB0010BA14 /* pov-7.png */; };
		18757313169D23CB0010BA14 /* pov-8.png in Resources */ = {isa = PBXBuildFile; fileRef = 187572F3169D23CB0010BA14 /* pov-8.png */; };
		18757314169D23CB0010BA14 /* pov-9.png in Resources */ = {isa = PBXBuildFile; fileRef = 187572F4169D23CB0010BA14 /* pov-9.png */; };
/* End PBXBuildFile section */

/* Begin PBXFileReference section */
		187572A0169D22FF0010BA14 /* SCZScrubGestureRecognizer.app */ = {isa = PBXFileReference; explicitFileType = wrapper.application; includeInIndex = 0; path = SCZScrubGestureRecognizer.app; sourceTree = BUILT_PRODUCTS_DIR; };
		187572A4169D22FF0010BA14 /* UIKit.framework */ = {isa = PBXFileReference; lastKnownFileType = wrapper.framework; name = UIKit.framework; path = System/Library/Frameworks/UIKit.framework; sourceTree = SDKROOT; };
		187572A6169D22FF0010BA14 /* Foundation.framework */ = {isa = PBXFileReference; lastKnownFileType = wrapper.framework; name = Foundation.framework; path = System/Library/Frameworks/Foundation.framework; sourceTree = SDKROOT; };
		187572A8169D22FF0010BA14 /* CoreGraphics.framework */ = {isa = PBXFileReference; lastKnownFileType = wrapper.framework; name = CoreGraphics.framework; path = System/Library/Frameworks/CoreGraphics.framework; sourceTree = SDKROOT; };
		187572AC169D22FF0010BA14 /* SCZScrubGestureRecognizer-Info.plist */ = {isa = PBXFileReference; lastKnownFileType = text.plist.xml; path = "SCZScrubGestureRecognizer-Info.plist"; sourceTree = "<group>"; };
		187572AE169D22FF0010BA14 /* en */ = {isa = PBXFileReference; lastKnownFileType = text.plist.strings; name = en; path = en.lproj/InfoPlist.strings; sourceTree = "<group>"; };
		187572B0169D22FF0010BA14 /* main.m */ = {isa = PBXFileReference; lastKnownFileType = sourcecode.c.objc; path = main.m; sourceTree = "<group>"; };
		187572B2169D22FF0010BA14 /* SCZScrubGestureRecognizer-Prefix.pch */ = {isa = PBXFileReference; lastKnownFileType = sourcecode.c.h; path = "SCZScrubGestureRecognizer-Prefix.pch"; sourceTree = "<group>"; };
		187572B3169D22FF0010BA14 /* SCZAppDelegate.h */ = {isa = PBXFileReference; lastKnownFileType = sourcecode.c.h; path = SCZAppDelegate.h; sourceTree = "<group>"; };
		187572B4169D22FF0010BA14 /* SCZAppDelegate.m */ = {isa = PBXFileReference; lastKnownFileType = sourcecode.c.objc; path = SCZAppDelegate.m; sourceTree = "<group>"; };
		187572B6169D22FF0010BA14 /* Default.png */ = {isa = PBXFileReference; lastKnownFileType = image.png; path = Default.png; sourceTree = "<group>"; };
		187572B8169D22FF0010BA14 /* Default@2x.png */ = {isa = PBXFileReference; lastKnownFileType = image.png; path = "Default@2x.png"; sourceTree = "<group>"; };
		187572BA169D22FF0010BA14 /* Default-568h@2x.png */ = {isa = PBXFileReference; lastKnownFileType = image.png; path = "Default-568h@2x.png"; sourceTree = "<group>"; };
		187572CA169D231C0010BA14 /* README.md */ = {isa = PBXFileReference; fileEncoding = 4; lastKnownFileType = text; path = README.md; sourceTree = "<group>"; };
		187572CC169D23520010BA14 /* SCZScrubGestureRecognizer.h */ = {isa = PBXFileReference; fileEncoding = 4; lastKnownFileType = sourcecode.c.h; path = SCZScrubGestureRecognizer.h; sourceTree = "<group>"; };
		187572CD169D23520010BA14 /* SCZScrubGestureRecognizer.m */ = {isa = PBXFileReference; fileEncoding = 4; lastKnownFileType = sourcecode.c.objc; path = SCZScrubGestureRecognizer.m; sourceTree = "<group>"; };
		187572CF169D237B0010BA14 /* SCZViewController.h */ = {isa = PBXFileReference; fileEncoding = 4; lastKnownFileType = sourcecode.c.h; path = SCZViewController.h; sourceTree = "<group>"; };
		187572D0169D237B0010BA14 /* SCZViewController.m */ = {isa = PBXFileReference; fileEncoding = 4; lastKnownFileType = sourcecode.c.objc; path = SCZViewController.m; sourceTree = "<group>"; };
		187572D2169D238E0010BA14 /* SCZViewController.xib */ = {isa = PBXFileReference; fileEncoding = 4; lastKnownFileType = file.xib; path = SCZViewController.xib; sourceTree = "<group>"; };
		187572D5169D23CB0010BA14 /* pov-1.png */ = {isa = PBXFileReference; lastKnownFileType = image.png; path = "pov-1.png"; sourceTree = "<group>"; };
		187572D6169D23CB0010BA14 /* pov-10.png */ = {isa = PBXFileReference; lastKnownFileType = image.png; path = "pov-10.png"; sourceTree = "<group>"; };
		187572D7169D23CB0010BA14 /* pov-11.png */ = {isa = PBXFileReference; lastKnownFileType = image.png; path = "pov-11.png"; sourceTree = "<group>"; };
		187572D8169D23CB0010BA14 /* pov-12.png */ = {isa = PBXFileReference; lastKnownFileType = image.png; path = "pov-12.png"; sourceTree = "<group>"; };
		187572D9169D23CB0010BA14 /* pov-13.png */ = {isa = PBXFileReference; lastKnownFileType = image.png; path = "pov-13.png"; sourceTree = "<group>"; };
		187572DA169D23CB0010BA14 /* pov-14.png */ = {isa = PBXFileReference; lastKnownFileType = image.png; path = "pov-14.png"; sourceTree = "<group>"; };
		187572DB169D23CB0010BA14 /* pov-15.png */ = {isa = PBXFileReference; lastKnownFileType = image.png; path = "pov-15.png"; sourceTree = "<group>"; };
		187572DC169D23CB0010BA14 /* pov-16.png */ = {isa = PBXFileReference; lastKnownFileType = image.png; path = "pov-16.png"; sourceTree = "<group>"; };
		187572DD169D23CB0010BA14 /* pov-17.png */ = {isa = PBXFileReference; lastKnownFileType = image.png; path = "pov-17.png"; sourceTree = "<group>"; };
		187572DE169D23CB0010BA14 /* pov-18.png */ = {isa = PBXFileReference; lastKnownFileType = image.png; path = "pov-18.png"; sourceTree = "<group>"; };
		187572DF169D23CB0010BA14 /* pov-19.png */ = {isa = PBXFileReference; lastKnownFileType = image.png; path = "pov-19.png"; sourceTree = "<group>"; };
		187572E0169D23CB0010BA14 /* pov-2.png */ = {isa = PBXFileReference; lastKnownFileType = image.png; path = "pov-2.png"; sourceTree = "<group>"; };
		187572E1169D23CB0010BA14 /* pov-20.png */ = {isa = PBXFileReference; lastKnownFileType = image.png; path = "pov-20.png"; sourceTree = "<group>"; };
		187572E2169D23CB0010BA14 /* pov-21.png */ = {isa = PBXFileReference; lastKnownFileType = image.png; path = "pov-21.png"; sourceTree = "<group>"; };
		187572E3169D23CB0010BA14 /* pov-22.png */ = {isa = PBXFileReference; lastKnownFileType = image.png; path = "pov-22.png"; sourceTree = "<group>"; };
		187572E4169D23CB0010BA14 /* pov-23.png */ = {isa = PBXFileReference; lastKnownFileType = image.png; path = "pov-23.png"; sourceTree = "<group>"; };
		187572E5169D23CB0010BA14 /* pov-24.png */ = {isa = PBXFileReference; lastKnownFileType = image.png; path = "pov-24.png"; sourceTree = "<group>"; };
		187572E6169D23CB0010BA14 /* pov-25.png */ = {isa = PBXFileReference; lastKnownFileType = image.png; path = "pov-25.png"; sourceTree = "<group>"; };
		187572E7169D23CB0010BA14 /* pov-26.png */ = {isa = PBXFileReference; lastKnownFileType = image.png; path = "pov-26.png"; sourceTree = "<group>"; };
		187572E8169D23CB0010BA14 /* pov-27.png */ = {isa = PBXFileReference; lastKnownFileType = image.png; path = "pov-27.png"; sourceTree = "<group>"; };
		187572E9169D23CB0010BA14 /* pov-28.png */ = {isa = PBXFileReference; lastKnownFileType = image.png; path = "pov-28.png"; sourceTree = "<group>"; };
		187572EA169D23CB0010BA14 /* pov-29.png */ = {isa = PBXFileReference; lastKnownFileType = image.png; path = "pov-29.png"; sourceTree = "<group>"; };
		187572EB169D23CB0010BA14 /* pov-3.png */ = {isa = PBXFileReference; lastKnownFileType = image.png; path = "pov-3.png"; sourceTree = "<group>"; };
		187572EC169D23CB0010BA14 /* pov-30.png */ = {isa = PBXFileReference; lastKnownFileType = image.png; path = "pov-30.png"; sourceTree = "<group>"; };
		187572ED169D23CB0010BA14 /* pov-31.png */ = {isa = PBXFileReference; lastKnownFileType = image.png; path = "pov-31.png"; sourceTree = "<group>"; };
		187572EE169D23CB0010BA14 /* pov-32.png */ = {isa = PBXFileReference; lastKnownFileType = image.png; path = "pov-32.png"; sourceTree = "<group>"; };
		187572EF169D23CB0010BA14 /* pov-4.png */ = {isa = PBXFileReference; lastKnownFileType = image.png; path = "pov-4.png"; sourceTree = "<group>"; };
		187572F0169D23CB0010BA14 /* pov-5.png */ = {isa = PBXFileReference; lastKnownFileType = image.png; path = "pov-5.png"; sourceTree = "<group>"; };
		187572F1169D23CB0010BA14 /* pov-6.png */ = {isa = PBXFileReference; lastKnownFileType = image.png; path = "pov-6.png"; sourceTree = "<group>"; };
		187572F2169D23CB0010BA14 /* pov-7.png */ = {isa = PBXFileReference; lastKnownFileType = image.png; path = "pov-7.png"; sourceTree = "<group>"; };
		187572F3169D23CB0010BA14 /* pov-8.png */ = {isa = PBXFileReference; lastKnownFileType = image.png; path = "pov-8.png"; sourceTree = "<group>"; };
		187572F4169D23CB0010BA14 /* pov-9.png */ = {isa = PBXFileReference; lastKnownFileType = image.png; path = "pov-9.png"; sourceTree = "<group>"; };
/* End PBXFileReference section */

/* Begin PBXFrameworksBuildPhase section */
		1875729D169D22FF0010BA14 /* Frameworks */ = {
			isa = PBXFrameworksBuildPhase;
			buildActionMask = 2147483647;
			files = (
				187572A5169D22FF0010BA14 /* UIKit.framework in Frameworks */,
				187572A7169D22FF0010BA14 /* Foundation.framework in Frameworks */,
				187572A9169D22FF0010BA14 /* CoreGraphics.framework in Frameworks */,
			);
			runOnlyForDeploymentPostprocessing = 0;
		};
/* End PBXFrameworksBuildPhase section */

/* Begin PBXGroup section */
		18757295169D22FF0010BA14 = {
			isa = PBXGroup;
			children = (
				187572CA169D231C0010BA14 /* README.md */,
				187572AA169D22FF0010BA14 /* SCZScrubGestureRecognizer */,
				187572A3169D22FF0010BA14 /* Frameworks */,
				187572A1169D22FF0010BA14 /* Products */,
			);
			sourceTree = "<group>";
		};
		187572A1169D22FF0010BA14 /* Products */ = {
			isa = PBXGroup;
			children = (
				187572A0169D22FF0010BA14 /* SCZScrubGestureRecognizer.app */,
			);
			name = Products;
			sourceTree = "<group>";
		};
		187572A3169D22FF0010BA14 /* Frameworks */ = {
			isa = PBXGroup;
			children = (
				187572A4169D22FF0010BA14 /* UIKit.framework */,
				187572A6169D22FF0010BA14 /* Foundation.framework */,
				187572A8169D22FF0010BA14 /* CoreGraphics.framework */,
			);
			name = Frameworks;
			sourceTree = "<group>";
		};
		187572AA169D22FF0010BA14 /* SCZScrubGestureRecognizer */ = {
			isa = PBXGroup;
			children = (
				187572B3169D22FF0010BA14 /* SCZAppDelegate.h */,
				187572B4169D22FF0010BA14 /* SCZAppDelegate.m */,
				187572CC169D23520010BA14 /* SCZScrubGestureRecognizer.h */,
				187572CD169D23520010BA14 /* SCZScrubGestureRecognizer.m */,
				187572CF169D237B0010BA14 /* SCZViewController.h */,
				187572D0169D237B0010BA14 /* SCZViewController.m */,
				187572D2169D238E0010BA14 /* SCZViewController.xib */,
				187572AB169D22FF0010BA14 /* Supporting Files */,
			);
			path = SCZScrubGestureRecognizer;
			sourceTree = "<group>";
		};
		187572AB169D22FF0010BA14 /* Supporting Files */ = {
			isa = PBXGroup;
			children = (
				187572D4169D23CB0010BA14 /* pov */,
				187572AC169D22FF0010BA14 /* SCZScrubGestureRecognizer-Info.plist */,
				187572AD169D22FF0010BA14 /* InfoPlist.strings */,
				187572B0169D22FF0010BA14 /* main.m */,
				187572B2169D22FF0010BA14 /* SCZScrubGestureRecognizer-Prefix.pch */,
				187572B6169D22FF0010BA14 /* Default.png */,
				187572B8169D22FF0010BA14 /* Default@2x.png */,
				187572BA169D22FF0010BA14 /* Default-568h@2x.png */,
			);
			name = "Supporting Files";
			sourceTree = "<group>";
		};
		187572D4169D23CB0010BA14 /* pov */ = {
			isa = PBXGroup;
			children = (
				187572D5169D23CB0010BA14 /* pov-1.png */,
				187572D6169D23CB0010BA14 /* pov-10.png */,
				187572D7169D23CB0010BA14 /* pov-11.png */,
				187572D8169D23CB0010BA14 /* pov-12.png */,
				187572D9169D23CB0010BA14 /* pov-13.png */,
				187572DA169D23CB0010BA14 /* pov-14.png */,
				187572DB169D23CB0010BA14 /* pov-15.png */,
				187572DC169D23CB0010BA14 /* pov-16.png */,
				187572DD169D23CB0010BA14 /* pov-17.png */,
				187572DE169D23CB0010BA14 /* pov-18.png */,
				187572DF169D23CB0010BA14 /* pov-19.png */,
				187572E0169D23CB0010BA14 /* pov-2.png */,
				187572E1169D23CB0010BA14 /* pov-20.png */,
				187572E2169D23CB0010BA14 /* pov-21.png */,
				187572E3169D23CB0010BA14 /* pov-22.png */,
				187572E4169D23CB0010BA14 /* pov-23.png */,
				187572E5169D23CB0010BA14 /* pov-24.png */,
				187572E6169D23CB0010BA14 /* pov-25.png */,
				187572E7169D23CB0010BA14 /* pov-26.png */,
				187572E8169D23CB0010BA14 /* pov-27.png */,
				187572E9169D23CB0010BA14 /* pov-28.png */,
				187572EA169D23CB0010BA14 /* pov-29.png */,
				187572EB169D23CB0010BA14 /* pov-3.png */,
				187572EC169D23CB0010BA14 /* pov-30.png */,
				187572ED169D23CB0010BA14 /* pov-31.png */,
				187572EE169D23CB0010BA14 /* pov-32.png */,
				187572EF169D23CB0010BA14 /* pov-4.png */,
				187572F0169D23CB0010BA14 /* pov-5.png */,
				187572F1169D23CB0010BA14 /* pov-6.png */,
				187572F2169D23CB0010BA14 /* pov-7.png */,
				187572F3169D23CB0010BA14 /* pov-8.png */,
				187572F4169D23CB0010BA14 /* pov-9.png */,
			);
			path = pov;
			sourceTree = "<group>";
		};
/* End PBXGroup section */

/* Begin PBXNativeTarget section */
		1875729F169D22FF0010BA14 /* SCZScrubGestureRecognizer */ = {
			isa = PBXNativeTarget;
			buildConfigurationList = 187572C7169D22FF0010BA14 /* Build configuration list for PBXNativeTarget "SCZScrubGestureRecognizer" */;
			buildPhases = (
				1875729C169D22FF0010BA14 /* Sources */,
				1875729D169D22FF0010BA14 /* Frameworks */,
				1875729E169D22FF0010BA14 /* Resources */,
			);
			buildRules = (
			);
			dependencies = (
			);
			name = SCZScrubGestureRecognizer;
			productName = SCZScrubGestureRecognizer;
			productReference = 187572A0169D22FF0010BA14 /* SCZScrubGestureRecognizer.app */;
			productType = "com.apple.product-type.application";
		};
/* End PBXNativeTarget section */

/* Begin PBXProject section */
		18757297169D22FF0010BA14 /* Project object */ = {
			isa = PBXProject;
			attributes = {
				CLASSPREFIX = SCZ;
				LastUpgradeCheck = 0450;
				ORGANIZATIONNAME = StCredZero;
			};
			buildConfigurationList = 1875729A169D22FF0010BA14 /* Build configuration list for PBXProject "SCZScrubGestureRecognizer" */;
			compatibilityVersion = "Xcode 3.2";
			developmentRegion = English;
			hasScannedForEncodings = 0;
			knownRegions = (
				en,
			);
			mainGroup = 18757295169D22FF0010BA14;
			productRefGroup = 187572A1169D22FF0010BA14 /* Products */;
			projectDirPath = "";
			projectRoot = "";
			targets = (
				1875729F169D22FF0010BA14 /* SCZScrubGestureRecognizer */,
			);
		};
/* End PBXProject section */

/* Begin PBXResourcesBuildPhase section */
		1875729E169D22FF0010BA14 /* Resources */ = {
			isa = PBXResourcesBuildPhase;
			buildActionMask = 2147483647;
			files = (
				187572AF169D22FF0010BA14 /* InfoPlist.strings in Resources */,
				187572B7169D22FF0010BA14 /* Default.png in Resources */,
				187572B9169D22FF0010BA14 /* Default@2x.png in Resources */,
				187572BB169D22FF0010BA14 /* Default-568h@2x.png in Resources */,
				187572CB169D231C0010BA14 /* README.md in Resources */,
				187572D3169D238E0010BA14 /* SCZViewController.xib in Resources */,
				187572F5169D23CB0010BA14 /* pov-1.png in Resources */,
				187572F6169D23CB0010BA14 /* pov-10.png in Resources */,
				187572F7169D23CB0010BA14 /* pov-11.png in Resources */,
				187572F8169D23CB0010BA14 /* pov-12.png in Resources */,
				187572F9169D23CB0010BA14 /* pov-13.png in Resources */,
				187572FA169D23CB0010BA14 /* pov-14.png in Resources */,
				187572FB169D23CB0010BA14 /* pov-15.png in Resources */,
				187572FC169D23CB0010BA14 /* pov-16.png in Resources */,
				187572FD169D23CB0010BA14 /* pov-17.png in Resources */,
				187572FE169D23CB0010BA14 /* pov-18.png in Resources */,
				187572FF169D23CB0010BA14 /* pov-19.png in Resources */,
				18757300169D23CB0010BA14 /* pov-2.png in Resources */,
				18757301169D23CB0010BA14 /* pov-20.png in Resources */,
				18757302169D23CB0010BA14 /* pov-21.png in Resources */,
				18757303169D23CB0010BA14 /* pov-22.png in Resources */,
				18757304169D23CB0010BA14 /* pov-23.png in Resources */,
				18757305169D23CB0010BA14 /* pov-24.png in Resources */,
				18757306169D23CB0010BA14 /* pov-25.png in Resources */,
				18757307169D23CB0010BA14 /* pov-26.png in Resources */,
				18757308169D23CB0010BA14 /* pov-27.png in Resources */,
				18757309169D23CB0010BA14 /* pov-28.png in Resources */,
				1875730A169D23CB0010BA14 /* pov-29.png in Resources */,
				1875730B169D23CB0010BA14 /* pov-3.png in Resources */,
				1875730C169D23CB0010BA14 /* pov-30.png in Resources */,
				1875730D169D23CB0010BA14 /* pov-31.png in Resources */,
				1875730E169D23CB0010BA14 /* pov-32.png in Resources */,
				1875730F169D23CB0010BA14 /* pov-4.png in Resources */,
				18757310169D23CB0010BA14 /* pov-5.png in Resources */,
				18757311169D23CB0010BA14 /* pov-6.png in Resources */,
				18757312169D23CB0010BA14 /* pov-7.png in Resources */,
				18757313169D23CB0010BA14 /* pov-8.png in Resources */,
				18757314169D23CB0010BA14 /* pov-9.png in Resources */,
			);
			runOnlyForDeploymentPostprocessing = 0;
		};
/* End PBXResourcesBuildPhase section */

/* Begin PBXSourcesBuildPhase section */
		1875729C169D22FF0010BA14 /* Sources */ = {
			isa = PBXSourcesBuildPhase;
			buildActionMask = 2147483647;
			files = (
				187572B1169D22FF0010BA14 /* main.m in Sources */,
				187572B5169D22FF0010BA14 /* SCZAppDelegate.m in Sources */,
				187572CE169D23520010BA14 /* SCZScrubGestureRecognizer.m in Sources */,
				187572D1169D237B0010BA14 /* SCZViewController.m in Sources */,
			);
			runOnlyForDeploymentPostprocessing = 0;
		};
/* End PBXSourcesBuildPhase section */

/* Begin PBXVariantGroup section */
		187572AD169D22FF0010BA14 /* InfoPlist.strings */ = {
			isa = PBXVariantGroup;
			children = (
				187572AE169D22FF0010BA14 /* en */,
			);
			name = InfoPlist.strings;
			sourceTree = "<group>";
		};
/* End PBXVariantGroup section */

/* Begin XCBuildConfiguration section */
		187572C5169D22FF0010BA14 /* Debug */ = {
			isa = XCBuildConfiguration;
			buildSettings = {
				ALWAYS_SEARCH_USER_PATHS = NO;
				CLANG_CXX_LANGUAGE_STANDARD = "gnu++0x";
				CLANG_CXX_LIBRARY = "libc++";
				CLANG_ENABLE_OBJC_ARC = YES;
				CLANG_WARN_EMPTY_BODY = YES;
				CLANG_WARN__DUPLICATE_METHOD_MATCH = YES;
				"CODE_SIGN_IDENTITY[sdk=iphoneos*]" = "iPhone Developer";
				COPY_PHASE_STRIP = NO;
				GCC_C_LANGUAGE_STANDARD = gnu99;
				GCC_DYNAMIC_NO_PIC = NO;
				GCC_OPTIMIZATION_LEVEL = 0;
				GCC_PREPROCESSOR_DEFINITIONS = (
					"DEBUG=1",
					"$(inherited)",
				);
				GCC_SYMBOLS_PRIVATE_EXTERN = NO;
				GCC_WARN_ABOUT_RETURN_TYPE = YES;
				GCC_WARN_UNINITIALIZED_AUTOS = YES;
				GCC_WARN_UNUSED_VARIABLE = YES;
				IPHONEOS_DEPLOYMENT_TARGET = 6.0;
				ONLY_ACTIVE_ARCH = YES;
				SDKROOT = iphoneos;
				TARGETED_DEVICE_FAMILY = "1,2";
			};
			name = Debug;
		};
		187572C6169D22FF0010BA14 /* Release */ = {
			isa = XCBuildConfiguration;
			buildSettings = {
				ALWAYS_SEARCH_USER_PATHS = NO;
				CLANG_CXX_LANGUAGE_STANDARD = "gnu++0x";
				CLANG_CXX_LIBRARY = "libc++";
				CLANG_ENABLE_OBJC_ARC = YES;
				CLANG_WARN_EMPTY_BODY = YES;
				CLANG_WARN__DUPLICATE_METHOD_MATCH = YES;
				"CODE_SIGN_IDENTITY[sdk=iphoneos*]" = "iPhone Developer";
				COPY_PHASE_STRIP = YES;
				GCC_C_LANGUAGE_STANDARD = gnu99;
				GCC_WARN_ABOUT_RETURN_TYPE = YES;
				GCC_WARN_UNINITIALIZED_AUTOS = YES;
				GCC_WARN_UNUSED_VARIABLE = YES;
				IPHONEOS_DEPLOYMENT_TARGET = 6.0;
				OTHER_CFLAGS = "-DNS_BLOCK_ASSERTIONS=1";
				SDKROOT = iphoneos;
				TARGETED_DEVICE_FAMILY = "1,2";
				VALIDATE_PRODUCT = YES;
			};
			name = Release;
		};
		187572C8169D22FF0010BA14 /* Debug */ = {
			isa = XCBuildConfiguration;
			buildSettings = {
				GCC_PRECOMPILE_PREFIX_HEADER = YES;
				GCC_PREFIX_HEADER = "SCZScrubGestureRecognizer/SCZScrubGestureRecognizer-Prefix.pch";
				INFOPLIST_FILE = "SCZScrubGestureRecognizer/SCZScrubGestureRecognizer-Info.plist";
				PRODUCT_NAME = "$(TARGET_NAME)";
				WRAPPER_EXTENSION = app;
			};
			name = Debug;
		};
		187572C9169D22FF0010BA14 /* Release */ = {
			isa = XCBuildConfiguration;
			buildSettings = {
				GCC_PRECOMPILE_PREFIX_HEADER = YES;
				GCC_PREFIX_HEADER = "SCZScrubGestureRecognizer/SCZScrubGestureRecognizer-Prefix.pch";
				INFOPLIST_FILE = "SCZScrubGestureRecognizer/SCZScrubGestureRecognizer-Info.plist";
				PRODUCT_NAME = "$(TARGET_NAME)";
				WRAPPER_EXTENSION = app;
			};
			name = Release;
		};
/* End XCBuildConfiguration section */

/* Begin XCConfigurationList section */
		1875729A169D22FF0010BA14 /* Build configuration list for PBXProject "SCZScrubGestureRecognizer" */ = {
			isa = XCConfigurationList;
			buildConfigurations = (
				187572C5169D22FF0010BA14 /* Debug */,
				187572C6169D22FF0010BA14 /* Release */,
			);
			defaultConfigurationIsVisible = 0;
			defaultConfigurationName = Release;
		};
		187572C7169D22FF0010BA14 /* Build configuration list for PBXNativeTarget "SCZScrubGestureRecognizer" */ = {
			isa = XCConfigurationList;
			buildConfigurations = (
				187572C8169D22FF0010BA14 /* Debug */,
				187572C9169D22FF0010BA14 /* Release */,
			);
			defaultConfigurationIsVisible = 0;
		};
/* End XCConfigurationList section */
	};
	rootObject = 18757297169D22FF0010BA14 /* Project object */;
}
